
Microsoft Visual Studio Solution File, Format Version 12.00
# Visual Studio 15
VisualStudioVersion = 15.0.26124.0
MinimumVisualStudioVersion = 15.0.26124.0
Project("{FAE04EC0-301F-11D3-BF4B-00C04F79EFBC}") = "Day 01 Solver", "Day 01 Solver\Day 01 Solver.csproj", "{049A2A9C-DE04-45B8-813D-3E23A7B2A176}"
EndProject
Project("{FAE04EC0-301F-11D3-BF4B-00C04F79EFBC}") = "Day 02 Solver", "Day 02 Solver\Day 02 Solver.csproj", "{A1418A60-6358-4F01-88EF-B7A714EA099C}"
EndProject
Project("{FAE04EC0-301F-11D3-BF4B-00C04F79EFBC}") = "Day 03 Solver", "Day 03 Solver\Day 03 Solver.csproj", "{39F04398-46F9-4F08-89F2-491E53D35BB3}"
EndProject
Project("{FAE04EC0-301F-11D3-BF4B-00C04F79EFBC}") = "Day 04 Solver", "Day 04 Solver\Day 04 Solver.csproj", "{1C5697E6-FA4A-4FF2-B841-9E3605C20BDE}"
EndProject
Project("{FAE04EC0-301F-11D3-BF4B-00C04F79EFBC}") = "Day 05 Solver", "Day 05 Solver\Day 05 Solver.csproj", "{A2104667-9A9C-4B80-817E-C9B53D09D3F5}"
EndProject
Project("{FAE04EC0-301F-11D3-BF4B-00C04F79EFBC}") = "Day 06 Solver", "Day 06 Solver\Day 06 Solver.csproj", "{63CBC725-0EBB-4B84-BBB9-1B373B251BD8}"
EndProject
Project("{FAE04EC0-301F-11D3-BF4B-00C04F79EFBC}") = "Day 07 Solver", "Day 07 Solver\Day 07 Solver.csproj", "{CA6F62B9-3A2F-45C0-9946-829024C87526}"
EndProject
Project("{FAE04EC0-301F-11D3-BF4B-00C04F79EFBC}") = "Day 08 Solver", "Day 08 Solver\Day 08 Solver.csproj", "{C662A5AA-B893-49C0-BF46-CC63891E1AB0}"
EndProject
Project("{FAE04EC0-301F-11D3-BF4B-00C04F79EFBC}") = "Day 09 Solver", "Day 09 Solver\Day 09 Solver.csproj", "{5F956D08-1429-4ECA-9B43-0B7D723DF1F5}"
EndProject
Project("{FAE04EC0-301F-11D3-BF4B-00C04F79EFBC}") = "Day 10 Solver", "Day 10 Solver\Day 10 Solver.csproj", "{32A90782-1302-420D-BCED-E13D1CD60D0B}"
EndProject
Project("{FAE04EC0-301F-11D3-BF4B-00C04F79EFBC}") = "Day 11 Solver", "Day 11 Solver\Day 11 Solver.csproj", "{33D5F6AF-18A3-491E-9B88-FDA160C76F06}"
EndProject
Project("{FAE04EC0-301F-11D3-BF4B-00C04F79EFBC}") = "Day 12 Solver", "Day 12 Solver\Day 12 Solver.csproj", "{C6D02145-DEA5-4593-AD02-0A90E56D77B1}"
EndProject
Project("{FAE04EC0-301F-11D3-BF4B-00C04F79EFBC}") = "Day 13 Solver", "Day 13 Solver\Day 13 Solver.csproj", "{8B687F97-C96F-45AC-B586-EB357C94A680}"
EndProject
Project("{FAE04EC0-301F-11D3-BF4B-00C04F79EFBC}") = "Day 14 Solver", "Day 14 Solver\Day 14 Solver.csproj", "{4CBF76A7-0FEE-4FF2-91AF-41290DC6B839}"
EndProject
Project("{FAE04EC0-301F-11D3-BF4B-00C04F79EFBC}") = "Day 15 Solver", "Day 15 Solver\Day 15 Solver.csproj", "{5D5DE01A-09C3-42D4-A18B-4B5CB2FB873D}"
EndProject
Project("{FAE04EC0-301F-11D3-BF4B-00C04F79EFBC}") = "Day 16 Solver", "Day 16 Solver\Day 16 Solver.csproj", "{53E77374-3185-4211-887A-D4ACE088B89F}"
EndProject
Project("{FAE04EC0-301F-11D3-BF4B-00C04F79EFBC}") = "Day 17 Solver", "Day 17 Solver\Day 17 Solver.csproj", "{07AFE0F6-97D3-4BC9-B355-57E1858A4650}"
EndProject
Project("{FAE04EC0-301F-11D3-BF4B-00C04F79EFBC}") = "Day 18 Solver", "Day 18 Solver\Day 18 Solver.csproj", "{F6298E04-ACFB-4B79-B6F3-A7D692A2C104}"
EndProject
Project("{FAE04EC0-301F-11D3-BF4B-00C04F79EFBC}") = "Day 19 Solver", "Day 19 Solver\Day 19 Solver.csproj", "{B9BC09AE-BD19-4DBF-8EE6-822CA200CE01}"
EndProject
Project("{FAE04EC0-301F-11D3-BF4B-00C04F79EFBC}") = "Day 20 Solver", "Day 20 Solver\Day 20 Solver.csproj", "{B9990D09-2100-4386-8330-06A094A6A8D5}"
EndProject
Project("{FAE04EC0-301F-11D3-BF4B-00C04F79EFBC}") = "Day 21 Solver", "Day 21 Solver\Day 21 Solver.csproj", "{FAAD336B-9BDF-4F0C-97D6-5A50E312B750}"
EndProject
Project("{FAE04EC0-301F-11D3-BF4B-00C04F79EFBC}") = "Day 22 Solver", "Day 22 Solver\Day 22 Solver.csproj", "{14F66425-67D9-4541-AAAD-B09E8716E771}"
EndProject
Project("{FAE04EC0-301F-11D3-BF4B-00C04F79EFBC}") = "Day 23 Solver", "Day 23 Solver\Day 23 Solver.csproj", "{24F85174-AB03-4472-9956-B89C657434F3}"
EndProject
Project("{FAE04EC0-301F-11D3-BF4B-00C04F79EFBC}") = "Day 24 Solver", "Day 24 Solver\Day 24 Solver.csproj", "{4AFC022C-60F8-4F57-965D-8323164D7813}"
EndProject
Project("{FAE04EC0-301F-11D3-BF4B-00C04F79EFBC}") = "Day 25 Solver", "Day 25 Solver\Day 25 Solver.csproj", "{EEACD804-98D2-4F10-A9E3-2B10C8D1916A}"
EndProject
Project("{FAE04EC0-301F-11D3-BF4B-00C04F79EFBC}") = "AdventOfCode.Tests", "AdventOfCode.Tests\AdventOfCode.Tests.csproj", "{61500E81-305B-4157-99B1-A55DC36FCF3A}"
EndProject
Project("{FAE04EC0-301F-11D3-BF4B-00C04F79EFBC}") = "Common", "Common\Common.csproj", "{60B2825D-A2D8-48FD-B4D5-623F10283ACC}"
EndProject
Global
	GlobalSection(SolutionConfigurationPlatforms) = preSolution
		Debug|Any CPU = Debug|Any CPU
		Debug|x64 = Debug|x64
		Debug|x86 = Debug|x86
		Release|Any CPU = Release|Any CPU
		Release|x64 = Release|x64
		Release|x86 = Release|x86
	EndGlobalSection
	GlobalSection(SolutionProperties) = preSolution
		HideSolutionNode = FALSE
	EndGlobalSection
	GlobalSection(ProjectConfigurationPlatforms) = postSolution
		{049A2A9C-DE04-45B8-813D-3E23A7B2A176}.Debug|Any CPU.ActiveCfg = Debug|Any CPU
		{049A2A9C-DE04-45B8-813D-3E23A7B2A176}.Debug|Any CPU.Build.0 = Debug|Any CPU
		{049A2A9C-DE04-45B8-813D-3E23A7B2A176}.Debug|x64.ActiveCfg = Debug|Any CPU
		{049A2A9C-DE04-45B8-813D-3E23A7B2A176}.Debug|x64.Build.0 = Debug|Any CPU
		{049A2A9C-DE04-45B8-813D-3E23A7B2A176}.Debug|x86.ActiveCfg = Debug|Any CPU
		{049A2A9C-DE04-45B8-813D-3E23A7B2A176}.Debug|x86.Build.0 = Debug|Any CPU
		{049A2A9C-DE04-45B8-813D-3E23A7B2A176}.Release|Any CPU.ActiveCfg = Release|Any CPU
		{049A2A9C-DE04-45B8-813D-3E23A7B2A176}.Release|Any CPU.Build.0 = Release|Any CPU
		{049A2A9C-DE04-45B8-813D-3E23A7B2A176}.Release|x64.ActiveCfg = Release|Any CPU
		{049A2A9C-DE04-45B8-813D-3E23A7B2A176}.Release|x64.Build.0 = Release|Any CPU
		{049A2A9C-DE04-45B8-813D-3E23A7B2A176}.Release|x86.ActiveCfg = Release|Any CPU
		{049A2A9C-DE04-45B8-813D-3E23A7B2A176}.Release|x86.Build.0 = Release|Any CPU
		{A1418A60-6358-4F01-88EF-B7A714EA099C}.Debug|Any CPU.ActiveCfg = Debug|Any CPU
		{A1418A60-6358-4F01-88EF-B7A714EA099C}.Debug|Any CPU.Build.0 = Debug|Any CPU
		{A1418A60-6358-4F01-88EF-B7A714EA099C}.Debug|x64.ActiveCfg = Debug|Any CPU
		{A1418A60-6358-4F01-88EF-B7A714EA099C}.Debug|x64.Build.0 = Debug|Any CPU
		{A1418A60-6358-4F01-88EF-B7A714EA099C}.Debug|x86.ActiveCfg = Debug|Any CPU
		{A1418A60-6358-4F01-88EF-B7A714EA099C}.Debug|x86.Build.0 = Debug|Any CPU
		{A1418A60-6358-4F01-88EF-B7A714EA099C}.Release|Any CPU.ActiveCfg = Release|Any CPU
		{A1418A60-6358-4F01-88EF-B7A714EA099C}.Release|Any CPU.Build.0 = Release|Any CPU
		{A1418A60-6358-4F01-88EF-B7A714EA099C}.Release|x64.ActiveCfg = Release|Any CPU
		{A1418A60-6358-4F01-88EF-B7A714EA099C}.Release|x64.Build.0 = Release|Any CPU
		{A1418A60-6358-4F01-88EF-B7A714EA099C}.Release|x86.ActiveCfg = Release|Any CPU
		{A1418A60-6358-4F01-88EF-B7A714EA099C}.Release|x86.Build.0 = Release|Any CPU
		{39F04398-46F9-4F08-89F2-491E53D35BB3}.Debug|Any CPU.ActiveCfg = Debug|Any CPU
		{39F04398-46F9-4F08-89F2-491E53D35BB3}.Debug|Any CPU.Build.0 = Debug|Any CPU
		{39F04398-46F9-4F08-89F2-491E53D35BB3}.Debug|x64.ActiveCfg = Debug|Any CPU
		{39F04398-46F9-4F08-89F2-491E53D35BB3}.Debug|x64.Build.0 = Debug|Any CPU
		{39F04398-46F9-4F08-89F2-491E53D35BB3}.Debug|x86.ActiveCfg = Debug|Any CPU
		{39F04398-46F9-4F08-89F2-491E53D35BB3}.Debug|x86.Build.0 = Debug|Any CPU
		{39F04398-46F9-4F08-89F2-491E53D35BB3}.Release|Any CPU.ActiveCfg = Release|Any CPU
		{39F04398-46F9-4F08-89F2-491E53D35BB3}.Release|Any CPU.Build.0 = Release|Any CPU
		{39F04398-46F9-4F08-89F2-491E53D35BB3}.Release|x64.ActiveCfg = Release|Any CPU
		{39F04398-46F9-4F08-89F2-491E53D35BB3}.Release|x64.Build.0 = Release|Any CPU
		{39F04398-46F9-4F08-89F2-491E53D35BB3}.Release|x86.ActiveCfg = Release|Any CPU
		{39F04398-46F9-4F08-89F2-491E53D35BB3}.Release|x86.Build.0 = Release|Any CPU
		{1C5697E6-FA4A-4FF2-B841-9E3605C20BDE}.Debug|Any CPU.ActiveCfg = Debug|Any CPU
		{1C5697E6-FA4A-4FF2-B841-9E3605C20BDE}.Debug|Any CPU.Build.0 = Debug|Any CPU
		{1C5697E6-FA4A-4FF2-B841-9E3605C20BDE}.Debug|x64.ActiveCfg = Debug|Any CPU
		{1C5697E6-FA4A-4FF2-B841-9E3605C20BDE}.Debug|x64.Build.0 = Debug|Any CPU
		{1C5697E6-FA4A-4FF2-B841-9E3605C20BDE}.Debug|x86.ActiveCfg = Debug|Any CPU
		{1C5697E6-FA4A-4FF2-B841-9E3605C20BDE}.Debug|x86.Build.0 = Debug|Any CPU
		{1C5697E6-FA4A-4FF2-B841-9E3605C20BDE}.Release|Any CPU.ActiveCfg = Release|Any CPU
		{1C5697E6-FA4A-4FF2-B841-9E3605C20BDE}.Release|Any CPU.Build.0 = Release|Any CPU
		{1C5697E6-FA4A-4FF2-B841-9E3605C20BDE}.Release|x64.ActiveCfg = Release|Any CPU
		{1C5697E6-FA4A-4FF2-B841-9E3605C20BDE}.Release|x64.Build.0 = Release|Any CPU
		{1C5697E6-FA4A-4FF2-B841-9E3605C20BDE}.Release|x86.ActiveCfg = Release|Any CPU
		{1C5697E6-FA4A-4FF2-B841-9E3605C20BDE}.Release|x86.Build.0 = Release|Any CPU
		{A2104667-9A9C-4B80-817E-C9B53D09D3F5}.Debug|Any CPU.ActiveCfg = Debug|Any CPU
		{A2104667-9A9C-4B80-817E-C9B53D09D3F5}.Debug|Any CPU.Build.0 = Debug|Any CPU
		{A2104667-9A9C-4B80-817E-C9B53D09D3F5}.Debug|x64.ActiveCfg = Debug|Any CPU
		{A2104667-9A9C-4B80-817E-C9B53D09D3F5}.Debug|x64.Build.0 = Debug|Any CPU
		{A2104667-9A9C-4B80-817E-C9B53D09D3F5}.Debug|x86.ActiveCfg = Debug|Any CPU
		{A2104667-9A9C-4B80-817E-C9B53D09D3F5}.Debug|x86.Build.0 = Debug|Any CPU
		{A2104667-9A9C-4B80-817E-C9B53D09D3F5}.Release|Any CPU.ActiveCfg = Release|Any CPU
		{A2104667-9A9C-4B80-817E-C9B53D09D3F5}.Release|Any CPU.Build.0 = Release|Any CPU
		{A2104667-9A9C-4B80-817E-C9B53D09D3F5}.Release|x64.ActiveCfg = Release|Any CPU
		{A2104667-9A9C-4B80-817E-C9B53D09D3F5}.Release|x64.Build.0 = Release|Any CPU
		{A2104667-9A9C-4B80-817E-C9B53D09D3F5}.Release|x86.ActiveCfg = Release|Any CPU
		{A2104667-9A9C-4B80-817E-C9B53D09D3F5}.Release|x86.Build.0 = Release|Any CPU
		{63CBC725-0EBB-4B84-BBB9-1B373B251BD8}.Debug|Any CPU.ActiveCfg = Debug|Any CPU
		{63CBC725-0EBB-4B84-BBB9-1B373B251BD8}.Debug|Any CPU.Build.0 = Debug|Any CPU
		{63CBC725-0EBB-4B84-BBB9-1B373B251BD8}.Debug|x64.ActiveCfg = Debug|Any CPU
		{63CBC725-0EBB-4B84-BBB9-1B373B251BD8}.Debug|x64.Build.0 = Debug|Any CPU
		{63CBC725-0EBB-4B84-BBB9-1B373B251BD8}.Debug|x86.ActiveCfg = Debug|Any CPU
		{63CBC725-0EBB-4B84-BBB9-1B373B251BD8}.Debug|x86.Build.0 = Debug|Any CPU
		{63CBC725-0EBB-4B84-BBB9-1B373B251BD8}.Release|Any CPU.ActiveCfg = Release|Any CPU
		{63CBC725-0EBB-4B84-BBB9-1B373B251BD8}.Release|Any CPU.Build.0 = Release|Any CPU
		{63CBC725-0EBB-4B84-BBB9-1B373B251BD8}.Release|x64.ActiveCfg = Release|Any CPU
		{63CBC725-0EBB-4B84-BBB9-1B373B251BD8}.Release|x64.Build.0 = Release|Any CPU
		{63CBC725-0EBB-4B84-BBB9-1B373B251BD8}.Release|x86.ActiveCfg = Release|Any CPU
		{63CBC725-0EBB-4B84-BBB9-1B373B251BD8}.Release|x86.Build.0 = Release|Any CPU
		{CA6F62B9-3A2F-45C0-9946-829024C87526}.Debug|Any CPU.ActiveCfg = Debug|Any CPU
		{CA6F62B9-3A2F-45C0-9946-829024C87526}.Debug|Any CPU.Build.0 = Debug|Any CPU
		{CA6F62B9-3A2F-45C0-9946-829024C87526}.Debug|x64.ActiveCfg = Debug|Any CPU
		{CA6F62B9-3A2F-45C0-9946-829024C87526}.Debug|x64.Build.0 = Debug|Any CPU
		{CA6F62B9-3A2F-45C0-9946-829024C87526}.Debug|x86.ActiveCfg = Debug|Any CPU
		{CA6F62B9-3A2F-45C0-9946-829024C87526}.Debug|x86.Build.0 = Debug|Any CPU
		{CA6F62B9-3A2F-45C0-9946-829024C87526}.Release|Any CPU.ActiveCfg = Release|Any CPU
		{CA6F62B9-3A2F-45C0-9946-829024C87526}.Release|Any CPU.Build.0 = Release|Any CPU
		{CA6F62B9-3A2F-45C0-9946-829024C87526}.Release|x64.ActiveCfg = Release|Any CPU
		{CA6F62B9-3A2F-45C0-9946-829024C87526}.Release|x64.Build.0 = Release|Any CPU
		{CA6F62B9-3A2F-45C0-9946-829024C87526}.Release|x86.ActiveCfg = Release|Any CPU
		{CA6F62B9-3A2F-45C0-9946-829024C87526}.Release|x86.Build.0 = Release|Any CPU
		{C662A5AA-B893-49C0-BF46-CC63891E1AB0}.Debug|Any CPU.ActiveCfg = Debug|Any CPU
		{C662A5AA-B893-49C0-BF46-CC63891E1AB0}.Debug|Any CPU.Build.0 = Debug|Any CPU
		{C662A5AA-B893-49C0-BF46-CC63891E1AB0}.Debug|x64.ActiveCfg = Debug|Any CPU
		{C662A5AA-B893-49C0-BF46-CC63891E1AB0}.Debug|x64.Build.0 = Debug|Any CPU
		{C662A5AA-B893-49C0-BF46-CC63891E1AB0}.Debug|x86.ActiveCfg = Debug|Any CPU
		{C662A5AA-B893-49C0-BF46-CC63891E1AB0}.Debug|x86.Build.0 = Debug|Any CPU
		{C662A5AA-B893-49C0-BF46-CC63891E1AB0}.Release|Any CPU.ActiveCfg = Release|Any CPU
		{C662A5AA-B893-49C0-BF46-CC63891E1AB0}.Release|Any CPU.Build.0 = Release|Any CPU
		{C662A5AA-B893-49C0-BF46-CC63891E1AB0}.Release|x64.ActiveCfg = Release|Any CPU
		{C662A5AA-B893-49C0-BF46-CC63891E1AB0}.Release|x64.Build.0 = Release|Any CPU
		{C662A5AA-B893-49C0-BF46-CC63891E1AB0}.Release|x86.ActiveCfg = Release|Any CPU
		{C662A5AA-B893-49C0-BF46-CC63891E1AB0}.Release|x86.Build.0 = Release|Any CPU
		{5F956D08-1429-4ECA-9B43-0B7D723DF1F5}.Debug|Any CPU.ActiveCfg = Debug|Any CPU
		{5F956D08-1429-4ECA-9B43-0B7D723DF1F5}.Debug|Any CPU.Build.0 = Debug|Any CPU
		{5F956D08-1429-4ECA-9B43-0B7D723DF1F5}.Debug|x64.ActiveCfg = Debug|Any CPU
		{5F956D08-1429-4ECA-9B43-0B7D723DF1F5}.Debug|x64.Build.0 = Debug|Any CPU
		{5F956D08-1429-4ECA-9B43-0B7D723DF1F5}.Debug|x86.ActiveCfg = Debug|Any CPU
		{5F956D08-1429-4ECA-9B43-0B7D723DF1F5}.Debug|x86.Build.0 = Debug|Any CPU
		{5F956D08-1429-4ECA-9B43-0B7D723DF1F5}.Release|Any CPU.ActiveCfg = Release|Any CPU
		{5F956D08-1429-4ECA-9B43-0B7D723DF1F5}.Release|Any CPU.Build.0 = Release|Any CPU
		{5F956D08-1429-4ECA-9B43-0B7D723DF1F5}.Release|x64.ActiveCfg = Release|Any CPU
		{5F956D08-1429-4ECA-9B43-0B7D723DF1F5}.Release|x64.Build.0 = Release|Any CPU
		{5F956D08-1429-4ECA-9B43-0B7D723DF1F5}.Release|x86.ActiveCfg = Release|Any CPU
		{5F956D08-1429-4ECA-9B43-0B7D723DF1F5}.Release|x86.Build.0 = Release|Any CPU
		{32A90782-1302-420D-BCED-E13D1CD60D0B}.Debug|Any CPU.ActiveCfg = Debug|Any CPU
		{32A90782-1302-420D-BCED-E13D1CD60D0B}.Debug|Any CPU.Build.0 = Debug|Any CPU
		{32A90782-1302-420D-BCED-E13D1CD60D0B}.Debug|x64.ActiveCfg = Debug|Any CPU
		{32A90782-1302-420D-BCED-E13D1CD60D0B}.Debug|x64.Build.0 = Debug|Any CPU
		{32A90782-1302-420D-BCED-E13D1CD60D0B}.Debug|x86.ActiveCfg = Debug|Any CPU
		{32A90782-1302-420D-BCED-E13D1CD60D0B}.Debug|x86.Build.0 = Debug|Any CPU
		{32A90782-1302-420D-BCED-E13D1CD60D0B}.Release|Any CPU.ActiveCfg = Release|Any CPU
		{32A90782-1302-420D-BCED-E13D1CD60D0B}.Release|Any CPU.Build.0 = Release|Any CPU
		{32A90782-1302-420D-BCED-E13D1CD60D0B}.Release|x64.ActiveCfg = Release|Any CPU
		{32A90782-1302-420D-BCED-E13D1CD60D0B}.Release|x64.Build.0 = Release|Any CPU
		{32A90782-1302-420D-BCED-E13D1CD60D0B}.Release|x86.ActiveCfg = Release|Any CPU
		{32A90782-1302-420D-BCED-E13D1CD60D0B}.Release|x86.Build.0 = Release|Any CPU
		{33D5F6AF-18A3-491E-9B88-FDA160C76F06}.Debug|Any CPU.ActiveCfg = Debug|Any CPU
		{33D5F6AF-18A3-491E-9B88-FDA160C76F06}.Debug|Any CPU.Build.0 = Debug|Any CPU
		{33D5F6AF-18A3-491E-9B88-FDA160C76F06}.Debug|x64.ActiveCfg = Debug|Any CPU
		{33D5F6AF-18A3-491E-9B88-FDA160C76F06}.Debug|x64.Build.0 = Debug|Any CPU
		{33D5F6AF-18A3-491E-9B88-FDA160C76F06}.Debug|x86.ActiveCfg = Debug|Any CPU
		{33D5F6AF-18A3-491E-9B88-FDA160C76F06}.Debug|x86.Build.0 = Debug|Any CPU
		{33D5F6AF-18A3-491E-9B88-FDA160C76F06}.Release|Any CPU.ActiveCfg = Release|Any CPU
		{33D5F6AF-18A3-491E-9B88-FDA160C76F06}.Release|Any CPU.Build.0 = Release|Any CPU
		{33D5F6AF-18A3-491E-9B88-FDA160C76F06}.Release|x64.ActiveCfg = Release|Any CPU
		{33D5F6AF-18A3-491E-9B88-FDA160C76F06}.Release|x64.Build.0 = Release|Any CPU
		{33D5F6AF-18A3-491E-9B88-FDA160C76F06}.Release|x86.ActiveCfg = Release|Any CPU
		{33D5F6AF-18A3-491E-9B88-FDA160C76F06}.Release|x86.Build.0 = Release|Any CPU
		{C6D02145-DEA5-4593-AD02-0A90E56D77B1}.Debug|Any CPU.ActiveCfg = Debug|Any CPU
		{C6D02145-DEA5-4593-AD02-0A90E56D77B1}.Debug|Any CPU.Build.0 = Debug|Any CPU
		{C6D02145-DEA5-4593-AD02-0A90E56D77B1}.Debug|x64.ActiveCfg = Debug|Any CPU
		{C6D02145-DEA5-4593-AD02-0A90E56D77B1}.Debug|x64.Build.0 = Debug|Any CPU
		{C6D02145-DEA5-4593-AD02-0A90E56D77B1}.Debug|x86.ActiveCfg = Debug|Any CPU
		{C6D02145-DEA5-4593-AD02-0A90E56D77B1}.Debug|x86.Build.0 = Debug|Any CPU
		{C6D02145-DEA5-4593-AD02-0A90E56D77B1}.Release|Any CPU.ActiveCfg = Release|Any CPU
		{C6D02145-DEA5-4593-AD02-0A90E56D77B1}.Release|Any CPU.Build.0 = Release|Any CPU
		{C6D02145-DEA5-4593-AD02-0A90E56D77B1}.Release|x64.ActiveCfg = Release|Any CPU
		{C6D02145-DEA5-4593-AD02-0A90E56D77B1}.Release|x64.Build.0 = Release|Any CPU
		{C6D02145-DEA5-4593-AD02-0A90E56D77B1}.Release|x86.ActiveCfg = Release|Any CPU
		{C6D02145-DEA5-4593-AD02-0A90E56D77B1}.Release|x86.Build.0 = Release|Any CPU
		{8B687F97-C96F-45AC-B586-EB357C94A680}.Debug|Any CPU.ActiveCfg = Debug|Any CPU
		{8B687F97-C96F-45AC-B586-EB357C94A680}.Debug|Any CPU.Build.0 = Debug|Any CPU
		{8B687F97-C96F-45AC-B586-EB357C94A680}.Debug|x64.ActiveCfg = Debug|Any CPU
		{8B687F97-C96F-45AC-B586-EB357C94A680}.Debug|x64.Build.0 = Debug|Any CPU
		{8B687F97-C96F-45AC-B586-EB357C94A680}.Debug|x86.ActiveCfg = Debug|Any CPU
		{8B687F97-C96F-45AC-B586-EB357C94A680}.Debug|x86.Build.0 = Debug|Any CPU
		{8B687F97-C96F-45AC-B586-EB357C94A680}.Release|Any CPU.ActiveCfg = Release|Any CPU
		{8B687F97-C96F-45AC-B586-EB357C94A680}.Release|Any CPU.Build.0 = Release|Any CPU
		{8B687F97-C96F-45AC-B586-EB357C94A680}.Release|x64.ActiveCfg = Release|Any CPU
		{8B687F97-C96F-45AC-B586-EB357C94A680}.Release|x64.Build.0 = Release|Any CPU
		{8B687F97-C96F-45AC-B586-EB357C94A680}.Release|x86.ActiveCfg = Release|Any CPU
		{8B687F97-C96F-45AC-B586-EB357C94A680}.Release|x86.Build.0 = Release|Any CPU
		{4CBF76A7-0FEE-4FF2-91AF-41290DC6B839}.Debug|Any CPU.ActiveCfg = Debug|Any CPU
		{4CBF76A7-0FEE-4FF2-91AF-41290DC6B839}.Debug|Any CPU.Build.0 = Debug|Any CPU
		{4CBF76A7-0FEE-4FF2-91AF-41290DC6B839}.Debug|x64.ActiveCfg = Debug|Any CPU
		{4CBF76A7-0FEE-4FF2-91AF-41290DC6B839}.Debug|x64.Build.0 = Debug|Any CPU
		{4CBF76A7-0FEE-4FF2-91AF-41290DC6B839}.Debug|x86.ActiveCfg = Debug|Any CPU
		{4CBF76A7-0FEE-4FF2-91AF-41290DC6B839}.Debug|x86.Build.0 = Debug|Any CPU
		{4CBF76A7-0FEE-4FF2-91AF-41290DC6B839}.Release|Any CPU.ActiveCfg = Release|Any CPU
		{4CBF76A7-0FEE-4FF2-91AF-41290DC6B839}.Release|Any CPU.Build.0 = Release|Any CPU
		{4CBF76A7-0FEE-4FF2-91AF-41290DC6B839}.Release|x64.ActiveCfg = Release|Any CPU
		{4CBF76A7-0FEE-4FF2-91AF-41290DC6B839}.Release|x64.Build.0 = Release|Any CPU
		{4CBF76A7-0FEE-4FF2-91AF-41290DC6B839}.Release|x86.ActiveCfg = Release|Any CPU
		{4CBF76A7-0FEE-4FF2-91AF-41290DC6B839}.Release|x86.Build.0 = Release|Any CPU
		{5D5DE01A-09C3-42D4-A18B-4B5CB2FB873D}.Debug|Any CPU.ActiveCfg = Debug|Any CPU
		{5D5DE01A-09C3-42D4-A18B-4B5CB2FB873D}.Debug|Any CPU.Build.0 = Debug|Any CPU
		{5D5DE01A-09C3-42D4-A18B-4B5CB2FB873D}.Debug|x64.ActiveCfg = Debug|Any CPU
		{5D5DE01A-09C3-42D4-A18B-4B5CB2FB873D}.Debug|x64.Build.0 = Debug|Any CPU
		{5D5DE01A-09C3-42D4-A18B-4B5CB2FB873D}.Debug|x86.ActiveCfg = Debug|Any CPU
		{5D5DE01A-09C3-42D4-A18B-4B5CB2FB873D}.Debug|x86.Build.0 = Debug|Any CPU
		{5D5DE01A-09C3-42D4-A18B-4B5CB2FB873D}.Release|Any CPU.ActiveCfg = Release|Any CPU
		{5D5DE01A-09C3-42D4-A18B-4B5CB2FB873D}.Release|Any CPU.Build.0 = Release|Any CPU
		{5D5DE01A-09C3-42D4-A18B-4B5CB2FB873D}.Release|x64.ActiveCfg = Release|Any CPU
		{5D5DE01A-09C3-42D4-A18B-4B5CB2FB873D}.Release|x64.Build.0 = Release|Any CPU
		{5D5DE01A-09C3-42D4-A18B-4B5CB2FB873D}.Release|x86.ActiveCfg = Release|Any CPU
		{5D5DE01A-09C3-42D4-A18B-4B5CB2FB873D}.Release|x86.Build.0 = Release|Any CPU
		{53E77374-3185-4211-887A-D4ACE088B89F}.Debug|Any CPU.ActiveCfg = Debug|Any CPU
		{53E77374-3185-4211-887A-D4ACE088B89F}.Debug|Any CPU.Build.0 = Debug|Any CPU
		{53E77374-3185-4211-887A-D4ACE088B89F}.Debug|x64.ActiveCfg = Debug|Any CPU
		{53E77374-3185-4211-887A-D4ACE088B89F}.Debug|x64.Build.0 = Debug|Any CPU
		{53E77374-3185-4211-887A-D4ACE088B89F}.Debug|x86.ActiveCfg = Debug|Any CPU
		{53E77374-3185-4211-887A-D4ACE088B89F}.Debug|x86.Build.0 = Debug|Any CPU
		{53E77374-3185-4211-887A-D4ACE088B89F}.Release|Any CPU.ActiveCfg = Release|Any CPU
		{53E77374-3185-4211-887A-D4ACE088B89F}.Release|Any CPU.Build.0 = Release|Any CPU
		{53E77374-3185-4211-887A-D4ACE088B89F}.Release|x64.ActiveCfg = Release|Any CPU
		{53E77374-3185-4211-887A-D4ACE088B89F}.Release|x64.Build.0 = Release|Any CPU
		{53E77374-3185-4211-887A-D4ACE088B89F}.Release|x86.ActiveCfg = Release|Any CPU
		{53E77374-3185-4211-887A-D4ACE088B89F}.Release|x86.Build.0 = Release|Any CPU
		{07AFE0F6-97D3-4BC9-B355-57E1858A4650}.Debug|Any CPU.ActiveCfg = Debug|Any CPU
		{07AFE0F6-97D3-4BC9-B355-57E1858A4650}.Debug|Any CPU.Build.0 = Debug|Any CPU
		{07AFE0F6-97D3-4BC9-B355-57E1858A4650}.Debug|x64.ActiveCfg = Debug|Any CPU
		{07AFE0F6-97D3-4BC9-B355-57E1858A4650}.Debug|x64.Build.0 = Debug|Any CPU
		{07AFE0F6-97D3-4BC9-B355-57E1858A4650}.Debug|x86.ActiveCfg = Debug|Any CPU
		{07AFE0F6-97D3-4BC9-B355-57E1858A4650}.Debug|x86.Build.0 = Debug|Any CPU
		{07AFE0F6-97D3-4BC9-B355-57E1858A4650}.Release|Any CPU.ActiveCfg = Release|Any CPU
		{07AFE0F6-97D3-4BC9-B355-57E1858A4650}.Release|Any CPU.Build.0 = Release|Any CPU
		{07AFE0F6-97D3-4BC9-B355-57E1858A4650}.Release|x64.ActiveCfg = Release|Any CPU
		{07AFE0F6-97D3-4BC9-B355-57E1858A4650}.Release|x64.Build.0 = Release|Any CPU
		{07AFE0F6-97D3-4BC9-B355-57E1858A4650}.Release|x86.ActiveCfg = Release|Any CPU
		{07AFE0F6-97D3-4BC9-B355-57E1858A4650}.Release|x86.Build.0 = Release|Any CPU
		{F6298E04-ACFB-4B79-B6F3-A7D692A2C104}.Debug|Any CPU.ActiveCfg = Debug|Any CPU
		{F6298E04-ACFB-4B79-B6F3-A7D692A2C104}.Debug|Any CPU.Build.0 = Debug|Any CPU
		{F6298E04-ACFB-4B79-B6F3-A7D692A2C104}.Debug|x64.ActiveCfg = Debug|Any CPU
		{F6298E04-ACFB-4B79-B6F3-A7D692A2C104}.Debug|x64.Build.0 = Debug|Any CPU
		{F6298E04-ACFB-4B79-B6F3-A7D692A2C104}.Debug|x86.ActiveCfg = Debug|Any CPU
		{F6298E04-ACFB-4B79-B6F3-A7D692A2C104}.Debug|x86.Build.0 = Debug|Any CPU
		{F6298E04-ACFB-4B79-B6F3-A7D692A2C104}.Release|Any CPU.ActiveCfg = Release|Any CPU
		{F6298E04-ACFB-4B79-B6F3-A7D692A2C104}.Release|Any CPU.Build.0 = Release|Any CPU
		{F6298E04-ACFB-4B79-B6F3-A7D692A2C104}.Release|x64.ActiveCfg = Release|Any CPU
		{F6298E04-ACFB-4B79-B6F3-A7D692A2C104}.Release|x64.Build.0 = Release|Any CPU
		{F6298E04-ACFB-4B79-B6F3-A7D692A2C104}.Release|x86.ActiveCfg = Release|Any CPU
		{F6298E04-ACFB-4B79-B6F3-A7D692A2C104}.Release|x86.Build.0 = Release|Any CPU
		{B9BC09AE-BD19-4DBF-8EE6-822CA200CE01}.Debug|Any CPU.ActiveCfg = Debug|Any CPU
		{B9BC09AE-BD19-4DBF-8EE6-822CA200CE01}.Debug|Any CPU.Build.0 = Debug|Any CPU
		{B9BC09AE-BD19-4DBF-8EE6-822CA200CE01}.Debug|x64.ActiveCfg = Debug|Any CPU
		{B9BC09AE-BD19-4DBF-8EE6-822CA200CE01}.Debug|x64.Build.0 = Debug|Any CPU
		{B9BC09AE-BD19-4DBF-8EE6-822CA200CE01}.Debug|x86.ActiveCfg = Debug|Any CPU
		{B9BC09AE-BD19-4DBF-8EE6-822CA200CE01}.Debug|x86.Build.0 = Debug|Any CPU
		{B9BC09AE-BD19-4DBF-8EE6-822CA200CE01}.Release|Any CPU.ActiveCfg = Release|Any CPU
		{B9BC09AE-BD19-4DBF-8EE6-822CA200CE01}.Release|Any CPU.Build.0 = Release|Any CPU
		{B9BC09AE-BD19-4DBF-8EE6-822CA200CE01}.Release|x64.ActiveCfg = Release|Any CPU
		{B9BC09AE-BD19-4DBF-8EE6-822CA200CE01}.Release|x64.Build.0 = Release|Any CPU
		{B9BC09AE-BD19-4DBF-8EE6-822CA200CE01}.Release|x86.ActiveCfg = Release|Any CPU
		{B9BC09AE-BD19-4DBF-8EE6-822CA200CE01}.Release|x86.Build.0 = Release|Any CPU
		{B9990D09-2100-4386-8330-06A094A6A8D5}.Debug|Any CPU.ActiveCfg = Debug|Any CPU
		{B9990D09-2100-4386-8330-06A094A6A8D5}.Debug|Any CPU.Build.0 = Debug|Any CPU
		{B9990D09-2100-4386-8330-06A094A6A8D5}.Debug|x64.ActiveCfg = Debug|Any CPU
		{B9990D09-2100-4386-8330-06A094A6A8D5}.Debug|x64.Build.0 = Debug|Any CPU
		{B9990D09-2100-4386-8330-06A094A6A8D5}.Debug|x86.ActiveCfg = Debug|Any CPU
		{B9990D09-2100-4386-8330-06A094A6A8D5}.Debug|x86.Build.0 = Debug|Any CPU
		{B9990D09-2100-4386-8330-06A094A6A8D5}.Release|Any CPU.ActiveCfg = Release|Any CPU
		{B9990D09-2100-4386-8330-06A094A6A8D5}.Release|Any CPU.Build.0 = Release|Any CPU
		{B9990D09-2100-4386-8330-06A094A6A8D5}.Release|x64.ActiveCfg = Release|Any CPU
		{B9990D09-2100-4386-8330-06A094A6A8D5}.Release|x64.Build.0 = Release|Any CPU
		{B9990D09-2100-4386-8330-06A094A6A8D5}.Release|x86.ActiveCfg = Release|Any CPU
		{B9990D09-2100-4386-8330-06A094A6A8D5}.Release|x86.Build.0 = Release|Any CPU
		{FAAD336B-9BDF-4F0C-97D6-5A50E312B750}.Debug|Any CPU.ActiveCfg = Debug|Any CPU
		{FAAD336B-9BDF-4F0C-97D6-5A50E312B750}.Debug|Any CPU.Build.0 = Debug|Any CPU
		{FAAD336B-9BDF-4F0C-97D6-5A50E312B750}.Debug|x64.ActiveCfg = Debug|Any CPU
		{FAAD336B-9BDF-4F0C-97D6-5A50E312B750}.Debug|x64.Build.0 = Debug|Any CPU
		{FAAD336B-9BDF-4F0C-97D6-5A50E312B750}.Debug|x86.ActiveCfg = Debug|Any CPU
		{FAAD336B-9BDF-4F0C-97D6-5A50E312B750}.Debug|x86.Build.0 = Debug|Any CPU
		{FAAD336B-9BDF-4F0C-97D6-5A50E312B750}.Release|Any CPU.ActiveCfg = Release|Any CPU
		{FAAD336B-9BDF-4F0C-97D6-5A50E312B750}.Release|Any CPU.Build.0 = Release|Any CPU
		{FAAD336B-9BDF-4F0C-97D6-5A50E312B750}.Release|x64.ActiveCfg = Release|Any CPU
		{FAAD336B-9BDF-4F0C-97D6-5A50E312B750}.Release|x64.Build.0 = Release|Any CPU
		{FAAD336B-9BDF-4F0C-97D6-5A50E312B750}.Release|x86.ActiveCfg = Release|Any CPU
		{FAAD336B-9BDF-4F0C-97D6-5A50E312B750}.Release|x86.Build.0 = Release|Any CPU
		{14F66425-67D9-4541-AAAD-B09E8716E771}.Debug|Any CPU.ActiveCfg = Debug|Any CPU
		{14F66425-67D9-4541-AAAD-B09E8716E771}.Debug|Any CPU.Build.0 = Debug|Any CPU
		{14F66425-67D9-4541-AAAD-B09E8716E771}.Debug|x64.ActiveCfg = Debug|Any CPU
		{14F66425-67D9-4541-AAAD-B09E8716E771}.Debug|x64.Build.0 = Debug|Any CPU
		{14F66425-67D9-4541-AAAD-B09E8716E771}.Debug|x86.ActiveCfg = Debug|Any CPU
		{14F66425-67D9-4541-AAAD-B09E8716E771}.Debug|x86.Build.0 = Debug|Any CPU
		{14F66425-67D9-4541-AAAD-B09E8716E771}.Release|Any CPU.ActiveCfg = Release|Any CPU
		{14F66425-67D9-4541-AAAD-B09E8716E771}.Release|Any CPU.Build.0 = Release|Any CPU
		{14F66425-67D9-4541-AAAD-B09E8716E771}.Release|x64.ActiveCfg = Release|Any CPU
		{14F66425-67D9-4541-AAAD-B09E8716E771}.Release|x64.Build.0 = Release|Any CPU
		{14F66425-67D9-4541-AAAD-B09E8716E771}.Release|x86.ActiveCfg = Release|Any CPU
		{14F66425-67D9-4541-AAAD-B09E8716E771}.Release|x86.Build.0 = Release|Any CPU
		{24F85174-AB03-4472-9956-B89C657434F3}.Debug|Any CPU.ActiveCfg = Debug|Any CPU
		{24F85174-AB03-4472-9956-B89C657434F3}.Debug|Any CPU.Build.0 = Debug|Any CPU
		{24F85174-AB03-4472-9956-B89C657434F3}.Debug|x64.ActiveCfg = Debug|Any CPU
		{24F85174-AB03-4472-9956-B89C657434F3}.Debug|x64.Build.0 = Debug|Any CPU
		{24F85174-AB03-4472-9956-B89C657434F3}.Debug|x86.ActiveCfg = Debug|Any CPU
		{24F85174-AB03-4472-9956-B89C657434F3}.Debug|x86.Build.0 = Debug|Any CPU
		{24F85174-AB03-4472-9956-B89C657434F3}.Release|Any CPU.ActiveCfg = Release|Any CPU
		{24F85174-AB03-4472-9956-B89C657434F3}.Release|Any CPU.Build.0 = Release|Any CPU
		{24F85174-AB03-4472-9956-B89C657434F3}.Release|x64.ActiveCfg = Release|Any CPU
		{24F85174-AB03-4472-9956-B89C657434F3}.Release|x64.Build.0 = Release|Any CPU
		{24F85174-AB03-4472-9956-B89C657434F3}.Release|x86.ActiveCfg = Release|Any CPU
		{24F85174-AB03-4472-9956-B89C657434F3}.Release|x86.Build.0 = Release|Any CPU
		{4AFC022C-60F8-4F57-965D-8323164D7813}.Debug|Any CPU.ActiveCfg = Debug|Any CPU
		{4AFC022C-60F8-4F57-965D-8323164D7813}.Debug|Any CPU.Build.0 = Debug|Any CPU
		{4AFC022C-60F8-4F57-965D-8323164D7813}.Debug|x64.ActiveCfg = Debug|Any CPU
		{4AFC022C-60F8-4F57-965D-8323164D7813}.Debug|x64.Build.0 = Debug|Any CPU
		{4AFC022C-60F8-4F57-965D-8323164D7813}.Debug|x86.ActiveCfg = Debug|Any CPU
		{4AFC022C-60F8-4F57-965D-8323164D7813}.Debug|x86.Build.0 = Debug|Any CPU
		{4AFC022C-60F8-4F57-965D-8323164D7813}.Release|Any CPU.ActiveCfg = Release|Any CPU
		{4AFC022C-60F8-4F57-965D-8323164D7813}.Release|Any CPU.Build.0 = Release|Any CPU
		{4AFC022C-60F8-4F57-965D-8323164D7813}.Release|x64.ActiveCfg = Release|Any CPU
		{4AFC022C-60F8-4F57-965D-8323164D7813}.Release|x64.Build.0 = Release|Any CPU
		{4AFC022C-60F8-4F57-965D-8323164D7813}.Release|x86.ActiveCfg = Release|Any CPU
		{4AFC022C-60F8-4F57-965D-8323164D7813}.Release|x86.Build.0 = Release|Any CPU
		{EEACD804-98D2-4F10-A9E3-2B10C8D1916A}.Debug|Any CPU.ActiveCfg = Debug|Any CPU
		{EEACD804-98D2-4F10-A9E3-2B10C8D1916A}.Debug|Any CPU.Build.0 = Debug|Any CPU
		{EEACD804-98D2-4F10-A9E3-2B10C8D1916A}.Debug|x64.ActiveCfg = Debug|Any CPU
		{EEACD804-98D2-4F10-A9E3-2B10C8D1916A}.Debug|x64.Build.0 = Debug|Any CPU
		{EEACD804-98D2-4F10-A9E3-2B10C8D1916A}.Debug|x86.ActiveCfg = Debug|Any CPU
		{EEACD804-98D2-4F10-A9E3-2B10C8D1916A}.Debug|x86.Build.0 = Debug|Any CPU
		{EEACD804-98D2-4F10-A9E3-2B10C8D1916A}.Release|Any CPU.ActiveCfg = Release|Any CPU
		{EEACD804-98D2-4F10-A9E3-2B10C8D1916A}.Release|Any CPU.Build.0 = Release|Any CPU
		{EEACD804-98D2-4F10-A9E3-2B10C8D1916A}.Release|x64.ActiveCfg = Release|Any CPU
		{EEACD804-98D2-4F10-A9E3-2B10C8D1916A}.Release|x64.Build.0 = Release|Any CPU
		{EEACD804-98D2-4F10-A9E3-2B10C8D1916A}.Release|x86.ActiveCfg = Release|Any CPU
		{EEACD804-98D2-4F10-A9E3-2B10C8D1916A}.Release|x86.Build.0 = Release|Any CPU
		{61500E81-305B-4157-99B1-A55DC36FCF3A}.Debug|Any CPU.ActiveCfg = Debug|Any CPU
		{61500E81-305B-4157-99B1-A55DC36FCF3A}.Debug|Any CPU.Build.0 = Debug|Any CPU
		{61500E81-305B-4157-99B1-A55DC36FCF3A}.Debug|x64.ActiveCfg = Debug|Any CPU
		{61500E81-305B-4157-99B1-A55DC36FCF3A}.Debug|x64.Build.0 = Debug|Any CPU
		{61500E81-305B-4157-99B1-A55DC36FCF3A}.Debug|x86.ActiveCfg = Debug|Any CPU
		{61500E81-305B-4157-99B1-A55DC36FCF3A}.Debug|x86.Build.0 = Debug|Any CPU
		{61500E81-305B-4157-99B1-A55DC36FCF3A}.Release|Any CPU.ActiveCfg = Release|Any CPU
		{61500E81-305B-4157-99B1-A55DC36FCF3A}.Release|Any CPU.Build.0 = Release|Any CPU
		{61500E81-305B-4157-99B1-A55DC36FCF3A}.Release|x64.ActiveCfg = Release|Any CPU
		{61500E81-305B-4157-99B1-A55DC36FCF3A}.Release|x64.Build.0 = Release|Any CPU
		{61500E81-305B-4157-99B1-A55DC36FCF3A}.Release|x86.ActiveCfg = Release|Any CPU
		{61500E81-305B-4157-99B1-A55DC36FCF3A}.Release|x86.Build.0 = Release|Any CPU
		{60B2825D-A2D8-48FD-B4D5-623F10283ACC}.Debug|Any CPU.ActiveCfg = Debug|Any CPU
		{60B2825D-A2D8-48FD-B4D5-623F10283ACC}.Debug|Any CPU.Build.0 = Debug|Any CPU
		{60B2825D-A2D8-48FD-B4D5-623F10283ACC}.Debug|x64.ActiveCfg = Debug|Any CPU
		{60B2825D-A2D8-48FD-B4D5-623F10283ACC}.Debug|x64.Build.0 = Debug|Any CPU
		{60B2825D-A2D8-48FD-B4D5-623F10283ACC}.Debug|x86.ActiveCfg = Debug|Any CPU
		{60B2825D-A2D8-48FD-B4D5-623F10283ACC}.Debug|x86.Build.0 = Debug|Any CPU
		{60B2825D-A2D8-48FD-B4D5-623F10283ACC}.Release|Any CPU.ActiveCfg = Release|Any CPU
		{60B2825D-A2D8-48FD-B4D5-623F10283ACC}.Release|Any CPU.Build.0 = Release|Any CPU
		{60B2825D-A2D8-48FD-B4D5-623F10283ACC}.Release|x64.ActiveCfg = Release|Any CPU
		{60B2825D-A2D8-48FD-B4D5-623F10283ACC}.Release|x64.Build.0 = Release|Any CPU
		{60B2825D-A2D8-48FD-B4D5-623F10283ACC}.Release|x86.ActiveCfg = Release|Any CPU
		{60B2825D-A2D8-48FD-B4D5-623F10283ACC}.Release|x86.Build.0 = Release|Any CPU
	EndGlobalSection
EndGlobal
